
Microsoft Visual Studio Solution File, Format Version 12.00
# Visual Studio Version 17
VisualStudioVersion = 17.0.31903.59
MinimumVisualStudioVersion = 10.0.40219.1
Project("{9A19103F-16F7-4668-BE54-9A1E7A4F7556}") = "Northwind.Common.EntityModels.Sqlite", "Northwind.Common.EntityModels.Sqlite\Northwind.Common.EntityModels.Sqlite.csproj", "{6DFC29A1-14B4-4CCC-9370-32F55CC82708}"
EndProject
Project("{9A19103F-16F7-4668-BE54-9A1E7A4F7556}") = "Northwind.Common.DataContext.Sqlite", "Northwind.Common.DataContext.Sqlite\Northwind.Common.DataContext.Sqlite.csproj", "{F43AB836-105B-4BFE-893B-66DEAD9FBF62}"
EndProject
Project("{9A19103F-16F7-4668-BE54-9A1E7A4F7556}") = "Northwind.Common.EntityModels.SqlServer", "Northwind.Common.EntityModels.SqlServer\Northwind.Common.EntityModels.SqlServer.csproj", "{882C0199-8A8D-4F97-A15C-864E87C8F62A}"
EndProject
Project("{9A19103F-16F7-4668-BE54-9A1E7A4F7556}") = "Northwind.Common.DataContext.SqlServer", "Northwind.Common.DataContext.SqlServer\Northwind.Common.DataContext.SqlServer.csproj", "{C7436B90-646C-4F98-8286-79344404933B}"
EndProject
Project("{FAE04EC0-301F-11D3-BF4B-00C04F79EFBC}") = "Northwind.Web", "Northwind.Web\Northwind.Web.csproj", "{DF20BE95-EB05-41BE-9715-0F24DDD62E37}"
EndProject
Project("{FAE04EC0-301F-11D3-BF4B-00C04F79EFBC}") = "Northwind.Razor.Employees", "Northwind.Razor.Employees\Northwind.Razor.Employees.csproj", "{21CEC3DD-09EA-418C-8418-CFA22B0B7392}"
EndProject
Global
	GlobalSection(SolutionConfigurationPlatforms) = preSolution
		Debug|Any CPU = Debug|Any CPU
		Release|Any CPU = Release|Any CPU
	EndGlobalSection
	GlobalSection(ProjectConfigurationPlatforms) = postSolution
		{6DFC29A1-14B4-4CCC-9370-32F55CC82708}.Debug|Any CPU.ActiveCfg = Debug|Any CPU
		{6DFC29A1-14B4-4CCC-9370-32F55CC82708}.Debug|Any CPU.Build.0 = Debug|Any CPU
		{6DFC29A1-14B4-4CCC-9370-32F55CC82708}.Release|Any CPU.ActiveCfg = Release|Any CPU
		{6DFC29A1-14B4-4CCC-9370-32F55CC82708}.Release|Any CPU.Build.0 = Release|Any CPU
		{F43AB836-105B-4BFE-893B-66DEAD9FBF62}.Debug|Any CPU.ActiveCfg = Debug|Any CPU
		{F43AB836-105B-4BFE-893B-66DEAD9FBF62}.Debug|Any CPU.Build.0 = Debug|Any CPU
		{F43AB836-105B-4BFE-893B-66DEAD9FBF62}.Release|Any CPU.ActiveCfg = Release|Any CPU
		{F43AB836-105B-4BFE-893B-66DEAD9FBF62}.Release|Any CPU.Build.0 = Release|Any CPU
		{882C0199-8A8D-4F97-A15C-864E87C8F62A}.Debug|Any CPU.ActiveCfg = Debug|Any CPU
		{882C0199-8A8D-4F97-A15C-864E87C8F62A}.Debug|Any CPU.Build.0 = Debug|Any CPU
		{882C0199-8A8D-4F97-A15C-864E87C8F62A}.Release|Any CPU.ActiveCfg = Release|Any CPU
		{882C0199-8A8D-4F97-A15C-864E87C8F62A}.Release|Any CPU.Build.0 = Release|Any CPU
		{C7436B90-646C-4F98-8286-79344404933B}.Debug|Any CPU.ActiveCfg = Debug|Any CPU
		{C7436B90-646C-4F98-8286-79344404933B}.Debug|Any CPU.Build.0 = Debug|Any CPU
		{C7436B90-646C-4F98-8286-79344404933B}.Release|Any CPU.ActiveCfg = Release|Any CPU
		{C7436B90-646C-4F98-8286-79344404933B}.Release|Any CPU.Build.0 = Release|Any CPU
		{DF20BE95-EB05-41BE-9715-0F24DDD62E37}.Debug|Any CPU.ActiveCfg = Debug|Any CPU
		{DF20BE95-EB05-41BE-9715-0F24DDD62E37}.Debug|Any CPU.Build.0 = Debug|Any CPU
		{DF20BE95-EB05-41BE-9715-0F24DDD62E37}.Release|Any CPU.ActiveCfg = Release|Any CPU
		{DF20BE95-EB05-41BE-9715-0F24DDD62E37}.Release|Any CPU.Build.0 = Release|Any CPU
		{21CEC3DD-09EA-418C-8418-CFA22B0B7392}.Debug|Any CPU.ActiveCfg = Debug|Any CPU
		{21CEC3DD-09EA-418C-8418-CFA22B0B7392}.Debug|Any CPU.Build.0 = Debug|Any CPU
		{21CEC3DD-09EA-418C-8418-CFA22B0B7392}.Release|Any CPU.ActiveCfg = Release|Any CPU
		{21CEC3DD-09EA-418C-8418-CFA22B0B7392}.Release|Any CPU.Build.0 = Release|Any CPU
	EndGlobalSection
	GlobalSection(SolutionProperties) = preSolution
		HideSolutionNode = FALSE
	EndGlobalSection
	GlobalSection(ExtensibilityGlobals) = postSolution
		SolutionGuid = {5D4C8780-C440-48C9-B8D6-2422F76AC683}
	EndGlobalSection
EndGlobal
